
Microsoft Visual Studio Solution File, Format Version 12.00
# Visual Studio Version 17
VisualStudioVersion = 17.4.33213.308
MinimumVisualStudioVersion = 10.0.40219.1
Project("{9A19103F-16F7-4668-BE54-9A1E7A4F7556}") = "Tersan.SketchManagement", "Tersan.SketchManagement\Tersan.SketchManagement.csproj", "{B06D22F4-131B-442A-8ACC-691B58A9D764}"
EndProject
Project("{FAE04EC0-301F-11D3-BF4B-00C04F79EFBC}") = "Tersan.Identity", "Tersan.Identity\Tersan.Identity.csproj", "{EA151412-3437-4931-9D8D-ED18C50A505D}"
EndProject
Global
	GlobalSection(SolutionConfigurationPlatforms) = preSolution
		Debug|Any CPU = Debug|Any CPU
		Release|Any CPU = Release|Any CPU
	EndGlobalSection
	GlobalSection(ProjectConfigurationPlatforms) = postSolution
		{B06D22F4-131B-442A-8ACC-691B58A9D764}.Debug|Any CPU.ActiveCfg = Debug|Any CPU
		{B06D22F4-131B-442A-8ACC-691B58A9D764}.Debug|Any CPU.Build.0 = Debug|Any CPU
		{B06D22F4-131B-442A-8ACC-691B58A9D764}.Release|Any CPU.ActiveCfg = Release|Any CPU
		{B06D22F4-131B-442A-8ACC-691B58A9D764}.Release|Any CPU.Build.0 = Release|Any CPU
		{EA151412-3437-4931-9D8D-ED18C50A505D}.Debug|Any CPU.ActiveCfg = Debug|Any CPU
		{EA151412-3437-4931-9D8D-ED18C50A505D}.Debug|Any CPU.Build.0 = Debug|Any CPU
		{EA151412-3437-4931-9D8D-ED18C50A505D}.Release|Any CPU.ActiveCfg = Release|Any CPU
		{EA151412-3437-4931-9D8D-ED18C50A505D}.Release|Any CPU.Build.0 = Release|Any CPU
	EndGlobalSection
	GlobalSection(SolutionProperties) = preSolution
		HideSolutionNode = FALSE
	EndGlobalSection
	GlobalSection(ExtensibilityGlobals) = postSolution
		SolutionGuid = {A7144007-1154-4CED-B441-F8B1149F6A89}
	EndGlobalSection
EndGlobal
